// !$*UTF8*$!
{
	archiveVersion = 1;
	classes = {
	};
	objectVersion = 77;
	objects = {

/* Begin PBXBuildFile section */
		607FA5A52D19B5DD005406BE /* at_myawesomehub.framework in Frameworks */ = {isa = PBXBuildFile; fileRef = 607FA59F2D19B5DD005406BE /* at_myawesomehub.framework */; };
		607FA5A62D19B5DD005406BE /* at_myawesomehub.framework in Embed Frameworks */ = {isa = PBXBuildFile; fileRef = 607FA59F2D19B5DD005406BE /* at_myawesomehub.framework */; settings = {ATTRIBUTES = (CodeSignOnCopy, RemoveHeadersOnCopy, ); }; };
		607FA5DF2D19F173005406BE /* Extension.swift in Sources */ = {isa = PBXBuildFile; fileRef = 607FA5D62D19F173005406BE /* Extension.swift */; };
		607FA5E02D19F173005406BE /* HomeView.swift in Sources */ = {isa = PBXBuildFile; fileRef = 607FA5D72D19F173005406BE /* HomeView.swift */; };
		607FA5E12D19F173005406BE /* Model.swift in Sources */ = {isa = PBXBuildFile; fileRef = 607FA5D82D19F173005406BE /* Model.swift */; };
		607FA5E22D19F173005406BE /* SwiflyApp.swift in Sources */ = {isa = PBXBuildFile; fileRef = 607FA5D92D19F173005406BE /* SwiflyApp.swift */; };
		607FA5E32D19F173005406BE /* Assets.xcassets in Resources */ = {isa = PBXBuildFile; fileRef = 607FA5D42D19F173005406BE /* Assets.xcassets */; };
		607FA5E42D19F173005406BE /* Preview Assets.xcassets in Resources */ = {isa = PBXBuildFile; fileRef = 607FA5DB2D19F173005406BE /* Preview Assets.xcassets */; };
		607FA5EC2D19F187005406BE /* LoaderAnimationView.swift in Sources */ = {isa = PBXBuildFile; fileRef = 607FA5E52D19F187005406BE /* LoaderAnimationView.swift */; };
		607FA5ED2D19F187005406BE /* StarAnimationView.swift in Sources */ = {isa = PBXBuildFile; fileRef = 607FA5E62D19F187005406BE /* StarAnimationView.swift */; };
		607FA5EE2D19F187005406BE /* Main.swift in Sources */ = {isa = PBXBuildFile; fileRef = 607FA5E92D19F187005406BE /* Main.swift */; };
		607FA5EF2D19F187005406BE /* at_myawesomehub.h in Headers */ = {isa = PBXBuildFile; fileRef = 607FA5E82D19F187005406BE /* at_myawesomehub.h */; settings = {ATTRIBUTES = (Public, ); }; };
		607FA5F22D19F1E3005406BE /* myawesomehub.swift in Sources */ = {isa = PBXBuildFile; fileRef = 607FA5F12D19F1E3005406BE /* myawesomehub.swift */; };
		607FA5F42D19F416005406BE /* DeveloperDetailView.swift in Sources */ = {isa = PBXBuildFile; fileRef = 607FA5F32D19F416005406BE /* DeveloperDetailView.swift */; };
/* End PBXBuildFile section */

/* Begin PBXContainerItemProxy section */
		607FA5A32D19B5DD005406BE /* PBXContainerItemProxy */ = {
			isa = PBXContainerItemProxy;
			containerPortal = 605C62222D196E3C009A8F4A /* Project object */;
			proxyType = 1;
			remoteGlobalIDString = 607FA59E2D19B5DD005406BE;
			remoteInfo = at/myawesomehub;
		};
/* End PBXContainerItemProxy section */

/* Begin PBXCopyFilesBuildPhase section */
		607FA5AB2D19B5DD005406BE /* Embed Frameworks */ = {
			isa = PBXCopyFilesBuildPhase;
			buildActionMask = 2147483647;
			dstPath = "";
			dstSubfolderSpec = 10;
			files = (
				607FA5A62D19B5DD005406BE /* at_myawesomehub.framework in Embed Frameworks */,
			);
			name = "Embed Frameworks";
			runOnlyForDeploymentPostprocessing = 0;
		};
/* End PBXCopyFilesBuildPhase section */

/* Begin PBXFileReference section */
		605C622A2D196E3C009A8F4A /* Swifly.app */ = {isa = PBXFileReference; explicitFileType = wrapper.application; includeInIndex = 0; path = Swifly.app; sourceTree = BUILT_PRODUCTS_DIR; };
		607FA59F2D19B5DD005406BE /* at_myawesomehub.framework */ = {isa = PBXFileReference; explicitFileType = wrapper.framework; includeInIndex = 0; path = at_myawesomehub.framework; sourceTree = BUILT_PRODUCTS_DIR; };
		607FA5D42D19F173005406BE /* Assets.xcassets */ = {isa = PBXFileReference; lastKnownFileType = folder.assetcatalog; path = Assets.xcassets; sourceTree = "<group>"; };
		607FA5D62D19F173005406BE /* Extension.swift */ = {isa = PBXFileReference; lastKnownFileType = sourcecode.swift; path = Extension.swift; sourceTree = "<group>"; };
		607FA5D72D19F173005406BE /* HomeView.swift */ = {isa = PBXFileReference; lastKnownFileType = sourcecode.swift; path = HomeView.swift; sourceTree = "<group>"; };
		607FA5D82D19F173005406BE /* Model.swift */ = {isa = PBXFileReference; lastKnownFileType = sourcecode.swift; path = Model.swift; sourceTree = "<group>"; };
		607FA5D92D19F173005406BE /* SwiflyApp.swift */ = {isa = PBXFileReference; lastKnownFileType = sourcecode.swift; path = SwiflyApp.swift; sourceTree = "<group>"; };
		607FA5DB2D19F173005406BE /* Preview Assets.xcassets */ = {isa = PBXFileReference; lastKnownFileType = folder.assetcatalog; path = "Preview Assets.xcassets"; sourceTree = "<group>"; };
		607FA5E52D19F187005406BE /* LoaderAnimationView.swift */ = {isa = PBXFileReference; lastKnownFileType = sourcecode.swift; path = LoaderAnimationView.swift; sourceTree = "<group>"; };
		607FA5E62D19F187005406BE /* StarAnimationView.swift */ = {isa = PBXFileReference; lastKnownFileType = sourcecode.swift; path = StarAnimationView.swift; sourceTree = "<group>"; };
		607FA5E82D19F187005406BE /* at_myawesomehub.h */ = {isa = PBXFileReference; lastKnownFileType = sourcecode.c.h; path = at_myawesomehub.h; sourceTree = "<group>"; };
		607FA5E92D19F187005406BE /* Main.swift */ = {isa = PBXFileReference; lastKnownFileType = sourcecode.swift; path = Main.swift; sourceTree = "<group>"; };
		607FA5F12D19F1E3005406BE /* myawesomehub.swift */ = {isa = PBXFileReference; lastKnownFileType = sourcecode.swift; path = myawesomehub.swift; sourceTree = "<group>"; };
		607FA5F32D19F416005406BE /* DeveloperDetailView.swift */ = {isa = PBXFileReference; lastKnownFileType = sourcecode.swift; path = DeveloperDetailView.swift; sourceTree = "<group>"; };
/* End PBXFileReference section */

/* Begin PBXFrameworksBuildPhase section */
		605C62272D196E3C009A8F4A /* Frameworks */ = {
			isa = PBXFrameworksBuildPhase;
			buildActionMask = 2147483647;
			files = (
				607FA5A52D19B5DD005406BE /* at_myawesomehub.framework in Frameworks */,
			);
			runOnlyForDeploymentPostprocessing = 0;
		};
		607FA59C2D19B5DD005406BE /* Frameworks */ = {
			isa = PBXFrameworksBuildPhase;
			buildActionMask = 2147483647;
			files = (
			);
			runOnlyForDeploymentPostprocessing = 0;
		};
/* End PBXFrameworksBuildPhase section */

/* Begin PBXGroup section */
		605C62212D196E3C009A8F4A = {
			isa = PBXGroup;
			children = (
				607FA5DD2D19F173005406BE /* Swifly */,
				607FA5EB2D19F187005406BE /* myawesomehub */,
				605C622B2D196E3C009A8F4A /* Products */,
			);
			sourceTree = "<group>";
		};
		605C622B2D196E3C009A8F4A /* Products */ = {
			isa = PBXGroup;
			children = (
				605C622A2D196E3C009A8F4A /* Swifly.app */,
				607FA59F2D19B5DD005406BE /* at_myawesomehub.framework */,
			);
			name = Products;
			sourceTree = "<group>";
		};
		607FA5DA2D19F173005406BE /* Internal */ = {
			isa = PBXGroup;
			children = (
				607FA5D92D19F173005406BE /* SwiflyApp.swift */,
				607FA5D72D19F173005406BE /* HomeView.swift */,
				607FA5F32D19F416005406BE /* DeveloperDetailView.swift */,
				607FA5D62D19F173005406BE /* Extension.swift */,
				607FA5D82D19F173005406BE /* Model.swift */,
				607FA5D42D19F173005406BE /* Assets.xcassets */,
			);
			path = Internal;
			sourceTree = "<group>";
		};
		607FA5DC2D19F173005406BE /* Preview Content */ = {
			isa = PBXGroup;
			children = (
				607FA5DB2D19F173005406BE /* Preview Assets.xcassets */,
			);
			path = "Preview Content";
			sourceTree = "<group>";
		};
		607FA5DD2D19F173005406BE /* Swifly */ = {
			isa = PBXGroup;
			children = (
				607FA5F02D19F1AD005406BE /* Developers */,
				607FA5DA2D19F173005406BE /* Internal */,
				607FA5DC2D19F173005406BE /* Preview Content */,
			);
			path = Swifly;
			sourceTree = "<group>";
		};
		607FA5E72D19F187005406BE /* Animations */ = {
			isa = PBXGroup;
			children = (
				607FA5E52D19F187005406BE /* LoaderAnimationView.swift */,
				607FA5E62D19F187005406BE /* StarAnimationView.swift */,
			);
			path = Animations;
			sourceTree = "<group>";
		};
		607FA5EA2D19F187005406BE /* Main */ = {
			isa = PBXGroup;
			children = (
				607FA5E82D19F187005406BE /* at_myawesomehub.h */,
				607FA5E92D19F187005406BE /* Main.swift */,
			);
			path = Main;
			sourceTree = "<group>";
		};
		607FA5EB2D19F187005406BE /* myawesomehub */ = {
			isa = PBXGroup;
			children = (
				607FA5E72D19F187005406BE /* Animations */,
				607FA5EA2D19F187005406BE /* Main */,
			);
			name = myawesomehub;
			path = at/myawesomehub;
			sourceTree = "<group>";
		};
		607FA5F02D19F1AD005406BE /* Developers */ = {
			isa = PBXGroup;
			children = (
				607FA5F12D19F1E3005406BE /* myawesomehub.swift */,
			);
			path = Developers;
			sourceTree = "<group>";
		};
/* End PBXGroup section */

/* Begin PBXHeadersBuildPhase section */
		607FA59A2D19B5DD005406BE /* Headers */ = {
			isa = PBXHeadersBuildPhase;
			buildActionMask = 2147483647;
			files = (
				607FA5EF2D19F187005406BE /* at_myawesomehub.h in Headers */,
			);
			runOnlyForDeploymentPostprocessing = 0;
		};
/* End PBXHeadersBuildPhase section */

/* Begin PBXNativeTarget section */
		605C62292D196E3C009A8F4A /* Swifly */ = {
			isa = PBXNativeTarget;
			buildConfigurationList = 605C62382D196E3F009A8F4A /* Build configuration list for PBXNativeTarget "Swifly" */;
			buildPhases = (
				605C62262D196E3C009A8F4A /* Sources */,
				605C62272D196E3C009A8F4A /* Frameworks */,
				605C62282D196E3C009A8F4A /* Resources */,
				607FA5AB2D19B5DD005406BE /* Embed Frameworks */,
			);
			buildRules = (
			);
			dependencies = (
				607FA5A42D19B5DD005406BE /* PBXTargetDependency */,
			);
			name = Swifly;
			packageProductDependencies = (
			);
			productName = Swifly;
			productReference = 605C622A2D196E3C009A8F4A /* Swifly.app */;
			productType = "com.apple.product-type.application";
		};
		607FA59E2D19B5DD005406BE /* at/myawesomehub */ = {
			isa = PBXNativeTarget;
			buildConfigurationList = 607FA5A82D19B5DD005406BE /* Build configuration list for PBXNativeTarget "at/myawesomehub" */;
			buildPhases = (
				607FA59A2D19B5DD005406BE /* Headers */,
				607FA59B2D19B5DD005406BE /* Sources */,
				607FA59C2D19B5DD005406BE /* Frameworks */,
				607FA59D2D19B5DD005406BE /* Resources */,
			);
			buildRules = (
			);
			dependencies = (
			);
			name = at/myawesomehub;
			packageProductDependencies = (
			);
			productName = at/myawesomehub;
			productReference = 607FA59F2D19B5DD005406BE /* at_myawesomehub.framework */;
			productType = "com.apple.product-type.framework";
		};
/* End PBXNativeTarget section */

/* Begin PBXProject section */
		605C62222D196E3C009A8F4A /* Project object */ = {
			isa = PBXProject;
			attributes = {
				BuildIndependentTargetsInParallel = 1;
				LastSwiftUpdateCheck = 1610;
				LastUpgradeCheck = 1610;
				TargetAttributes = {
					605C62292D196E3C009A8F4A = {
						CreatedOnToolsVersion = 16.1;
					};
					607FA59E2D19B5DD005406BE = {
						CreatedOnToolsVersion = 16.1;
						LastSwiftMigration = 1610;
					};
				};
			};
			buildConfigurationList = 605C62252D196E3C009A8F4A /* Build configuration list for PBXProject "Swifly" */;
			developmentRegion = en;
			hasScannedForEncodings = 0;
			knownRegions = (
				en,
				Base,
			);
			mainGroup = 605C62212D196E3C009A8F4A;
			minimizedProjectReferenceProxies = 1;
			preferredProjectObjectVersion = 77;
			productRefGroup = 605C622B2D196E3C009A8F4A /* Products */;
			projectDirPath = "";
			projectRoot = "";
			targets = (
				605C62292D196E3C009A8F4A /* Swifly */,
				607FA59E2D19B5DD005406BE /* at/myawesomehub */,
			);
		};
/* End PBXProject section */

/* Begin PBXResourcesBuildPhase section */
		605C62282D196E3C009A8F4A /* Resources */ = {
			isa = PBXResourcesBuildPhase;
			buildActionMask = 2147483647;
			files = (
				607FA5E32D19F173005406BE /* Assets.xcassets in Resources */,
				607FA5E42D19F173005406BE /* Preview Assets.xcassets in Resources */,
			);
			runOnlyForDeploymentPostprocessing = 0;
		};
		607FA59D2D19B5DD005406BE /* Resources */ = {
			isa = PBXResourcesBuildPhase;
			buildActionMask = 2147483647;
			files = (
			);
			runOnlyForDeploymentPostprocessing = 0;
		};
/* End PBXResourcesBuildPhase section */

/* Begin PBXSourcesBuildPhase section */
		605C62262D196E3C009A8F4A /* Sources */ = {
			isa = PBXSourcesBuildPhase;
			buildActionMask = 2147483647;
			files = (
				607FA5F22D19F1E3005406BE /* myawesomehub.swift in Sources */,
				607FA5DF2D19F173005406BE /* Extension.swift in Sources */,
				607FA5F42D19F416005406BE /* DeveloperDetailView.swift in Sources */,
				607FA5E02D19F173005406BE /* HomeView.swift in Sources */,
				607FA5E12D19F173005406BE /* Model.swift in Sources */,
				607FA5E22D19F173005406BE /* SwiflyApp.swift in Sources */,
			);
			runOnlyForDeploymentPostprocessing = 0;
		};
		607FA59B2D19B5DD005406BE /* Sources */ = {
			isa = PBXSourcesBuildPhase;
			buildActionMask = 2147483647;
			files = (
				607FA5EC2D19F187005406BE /* LoaderAnimationView.swift in Sources */,
				607FA5ED2D19F187005406BE /* StarAnimationView.swift in Sources */,
				607FA5EE2D19F187005406BE /* Main.swift in Sources */,
			);
			runOnlyForDeploymentPostprocessing = 0;
		};
/* End PBXSourcesBuildPhase section */

/* Begin PBXTargetDependency section */
		607FA5A42D19B5DD005406BE /* PBXTargetDependency */ = {
			isa = PBXTargetDependency;
			target = 607FA59E2D19B5DD005406BE /* at/myawesomehub */;
			targetProxy = 607FA5A32D19B5DD005406BE /* PBXContainerItemProxy */;
		};
/* End PBXTargetDependency section */

/* Begin XCBuildConfiguration section */
		605C62362D196E3F009A8F4A /* Debug */ = {
			isa = XCBuildConfiguration;
			buildSettings = {
				ALWAYS_SEARCH_USER_PATHS = NO;
				ASSETCATALOG_COMPILER_GENERATE_SWIFT_ASSET_SYMBOL_EXTENSIONS = YES;
				CLANG_ANALYZER_NONNULL = YES;
				CLANG_ANALYZER_NUMBER_OBJECT_CONVERSION = YES_AGGRESSIVE;
				CLANG_CXX_LANGUAGE_STANDARD = "gnu++20";
				CLANG_ENABLE_MODULES = YES;
				CLANG_ENABLE_OBJC_ARC = YES;
				CLANG_ENABLE_OBJC_WEAK = YES;
				CLANG_WARN_BLOCK_CAPTURE_AUTORELEASING = YES;
				CLANG_WARN_BOOL_CONVERSION = YES;
				CLANG_WARN_COMMA = YES;
				CLANG_WARN_CONSTANT_CONVERSION = YES;
				CLANG_WARN_DEPRECATED_OBJC_IMPLEMENTATIONS = YES;
				CLANG_WARN_DIRECT_OBJC_ISA_USAGE = YES_ERROR;
				CLANG_WARN_DOCUMENTATION_COMMENTS = YES;
				CLANG_WARN_EMPTY_BODY = YES;
				CLANG_WARN_ENUM_CONVERSION = YES;
				CLANG_WARN_INFINITE_RECURSION = YES;
				CLANG_WARN_INT_CONVERSION = YES;
				CLANG_WARN_NON_LITERAL_NULL_CONVERSION = YES;
				CLANG_WARN_OBJC_IMPLICIT_RETAIN_SELF = YES;
				CLANG_WARN_OBJC_LITERAL_CONVERSION = YES;
				CLANG_WARN_OBJC_ROOT_CLASS = YES_ERROR;
				CLANG_WARN_QUOTED_INCLUDE_IN_FRAMEWORK_HEADER = YES;
				CLANG_WARN_RANGE_LOOP_ANALYSIS = YES;
				CLANG_WARN_STRICT_PROTOTYPES = YES;
				CLANG_WARN_SUSPICIOUS_MOVE = YES;
				CLANG_WARN_UNGUARDED_AVAILABILITY = YES_AGGRESSIVE;
				CLANG_WARN_UNREACHABLE_CODE = YES;
				CLANG_WARN__DUPLICATE_METHOD_MATCH = YES;
				COPY_PHASE_STRIP = NO;
				DEBUG_INFORMATION_FORMAT = dwarf;
				ENABLE_STRICT_OBJC_MSGSEND = YES;
				ENABLE_TESTABILITY = YES;
				ENABLE_USER_SCRIPT_SANDBOXING = YES;
				GCC_C_LANGUAGE_STANDARD = gnu17;
				GCC_DYNAMIC_NO_PIC = NO;
				GCC_NO_COMMON_BLOCKS = YES;
				GCC_OPTIMIZATION_LEVEL = 0;
				GCC_PREPROCESSOR_DEFINITIONS = (
					"DEBUG=1",
					"$(inherited)",
				);
				GCC_WARN_64_TO_32_BIT_CONVERSION = YES;
				GCC_WARN_ABOUT_RETURN_TYPE = YES_ERROR;
				GCC_WARN_UNDECLARED_SELECTOR = YES;
				GCC_WARN_UNINITIALIZED_AUTOS = YES_AGGRESSIVE;
				GCC_WARN_UNUSED_FUNCTION = YES;
				GCC_WARN_UNUSED_VARIABLE = YES;
				IPHONEOS_DEPLOYMENT_TARGET = 18.1;
				LOCALIZATION_PREFERS_STRING_CATALOGS = YES;
				MTL_ENABLE_DEBUG_INFO = INCLUDE_SOURCE;
				MTL_FAST_MATH = YES;
				ONLY_ACTIVE_ARCH = YES;
				SDKROOT = iphoneos;
				SWIFT_ACTIVE_COMPILATION_CONDITIONS = "DEBUG $(inherited)";
				SWIFT_OPTIMIZATION_LEVEL = "-Onone";
			};
			name = Debug;
		};
		605C62372D196E3F009A8F4A /* Release */ = {
			isa = XCBuildConfiguration;
			buildSettings = {
				ALWAYS_SEARCH_USER_PATHS = NO;
				ASSETCATALOG_COMPILER_GENERATE_SWIFT_ASSET_SYMBOL_EXTENSIONS = YES;
				CLANG_ANALYZER_NONNULL = YES;
				CLANG_ANALYZER_NUMBER_OBJECT_CONVERSION = YES_AGGRESSIVE;
				CLANG_CXX_LANGUAGE_STANDARD = "gnu++20";
				CLANG_ENABLE_MODULES = YES;
				CLANG_ENABLE_OBJC_ARC = YES;
				CLANG_ENABLE_OBJC_WEAK = YES;
				CLANG_WARN_BLOCK_CAPTURE_AUTORELEASING = YES;
				CLANG_WARN_BOOL_CONVERSION = YES;
				CLANG_WARN_COMMA = YES;
				CLANG_WARN_CONSTANT_CONVERSION = YES;
				CLANG_WARN_DEPRECATED_OBJC_IMPLEMENTATIONS = YES;
				CLANG_WARN_DIRECT_OBJC_ISA_USAGE = YES_ERROR;
				CLANG_WARN_DOCUMENTATION_COMMENTS = YES;
				CLANG_WARN_EMPTY_BODY = YES;
				CLANG_WARN_ENUM_CONVERSION = YES;
				CLANG_WARN_INFINITE_RECURSION = YES;
				CLANG_WARN_INT_CONVERSION = YES;
				CLANG_WARN_NON_LITERAL_NULL_CONVERSION = YES;
				CLANG_WARN_OBJC_IMPLICIT_RETAIN_SELF = YES;
				CLANG_WARN_OBJC_LITERAL_CONVERSION = YES;
				CLANG_WARN_OBJC_ROOT_CLASS = YES_ERROR;
				CLANG_WARN_QUOTED_INCLUDE_IN_FRAMEWORK_HEADER = YES;
				CLANG_WARN_RANGE_LOOP_ANALYSIS = YES;
				CLANG_WARN_STRICT_PROTOTYPES = YES;
				CLANG_WARN_SUSPICIOUS_MOVE = YES;
				CLANG_WARN_UNGUARDED_AVAILABILITY = YES_AGGRESSIVE;
				CLANG_WARN_UNREACHABLE_CODE = YES;
				CLANG_WARN__DUPLICATE_METHOD_MATCH = YES;
				COPY_PHASE_STRIP = NO;
				DEBUG_INFORMATION_FORMAT = "dwarf-with-dsym";
				ENABLE_NS_ASSERTIONS = NO;
				ENABLE_STRICT_OBJC_MSGSEND = YES;
				ENABLE_USER_SCRIPT_SANDBOXING = YES;
				GCC_C_LANGUAGE_STANDARD = gnu17;
				GCC_NO_COMMON_BLOCKS = YES;
				GCC_WARN_64_TO_32_BIT_CONVERSION = YES;
				GCC_WARN_ABOUT_RETURN_TYPE = YES_ERROR;
				GCC_WARN_UNDECLARED_SELECTOR = YES;
				GCC_WARN_UNINITIALIZED_AUTOS = YES_AGGRESSIVE;
				GCC_WARN_UNUSED_FUNCTION = YES;
				GCC_WARN_UNUSED_VARIABLE = YES;
				IPHONEOS_DEPLOYMENT_TARGET = 18.1;
				LOCALIZATION_PREFERS_STRING_CATALOGS = YES;
				MTL_ENABLE_DEBUG_INFO = NO;
				MTL_FAST_MATH = YES;
				SDKROOT = iphoneos;
				SWIFT_COMPILATION_MODE = wholemodule;
				VALIDATE_PRODUCT = YES;
			};
			name = Release;
		};
		605C62392D196E3F009A8F4A /* Debug */ = {
			isa = XCBuildConfiguration;
			buildSettings = {
				ASSETCATALOG_COMPILER_APPICON_NAME = AppIcon;
				ASSETCATALOG_COMPILER_GLOBAL_ACCENT_COLOR_NAME = AccentColor;
				CODE_SIGN_STYLE = Automatic;
				CURRENT_PROJECT_VERSION = 1;
				DEVELOPMENT_ASSET_PATHS = "\"Swifly/Preview Content\"";
				DEVELOPMENT_TEAM = 2PZA59W334;
				ENABLE_PREVIEWS = YES;
				GENERATE_INFOPLIST_FILE = YES;
				INFOPLIST_KEY_UIApplicationSceneManifest_Generation = YES;
				INFOPLIST_KEY_UIApplicationSupportsIndirectInputEvents = YES;
				INFOPLIST_KEY_UILaunchScreen_Generation = YES;
				INFOPLIST_KEY_UISupportedInterfaceOrientations = UIInterfaceOrientationPortrait;
				INFOPLIST_KEY_UISupportedInterfaceOrientations_iPad = "UIInterfaceOrientationLandscapeLeft UIInterfaceOrientationLandscapeRight UIInterfaceOrientationPortrait UIInterfaceOrientationPortraitUpsideDown";
				IPHONEOS_DEPLOYMENT_TARGET = 16.6;
				LD_RUNPATH_SEARCH_PATHS = (
					"$(inherited)",
					"@executable_path/Frameworks",
				);
				MARKETING_VERSION = 1.0;
				PRODUCT_BUNDLE_IDENTIFIER = com.yasir.Swifly;
				PRODUCT_NAME = "$(TARGET_NAME)";
				SUPPORTED_PLATFORMS = "iphoneos iphonesimulator";
				SUPPORTS_MACCATALYST = NO;
				SUPPORTS_MAC_DESIGNED_FOR_IPHONE_IPAD = NO;
				SUPPORTS_XR_DESIGNED_FOR_IPHONE_IPAD = NO;
				SWIFT_EMIT_LOC_STRINGS = YES;
				SWIFT_VERSION = 5.0;
				TARGETED_DEVICE_FAMILY = 1;
			};
			name = Debug;
		};
		605C623A2D196E3F009A8F4A /* Release */ = {
			isa = XCBuildConfiguration;
			buildSettings = {
				ASSETCATALOG_COMPILER_APPICON_NAME = AppIcon;
				ASSETCATALOG_COMPILER_GLOBAL_ACCENT_COLOR_NAME = AccentColor;
				CODE_SIGN_STYLE = Automatic;
				CURRENT_PROJECT_VERSION = 1;
				DEVELOPMENT_ASSET_PATHS = "\"Swifly/Preview Content\"";
				DEVELOPMENT_TEAM = 2PZA59W334;
				ENABLE_PREVIEWS = YES;
				GENERATE_INFOPLIST_FILE = YES;
				INFOPLIST_KEY_UIApplicationSceneManifest_Generation = YES;
				INFOPLIST_KEY_UIApplicationSupportsIndirectInputEvents = YES;
				INFOPLIST_KEY_UILaunchScreen_Generation = YES;
				INFOPLIST_KEY_UISupportedInterfaceOrientations = UIInterfaceOrientationPortrait;
				INFOPLIST_KEY_UISupportedInterfaceOrientations_iPad = "UIInterfaceOrientationLandscapeLeft UIInterfaceOrientationLandscapeRight UIInterfaceOrientationPortrait UIInterfaceOrientationPortraitUpsideDown";
				IPHONEOS_DEPLOYMENT_TARGET = 16.6;
				LD_RUNPATH_SEARCH_PATHS = (
					"$(inherited)",
					"@executable_path/Frameworks",
				);
				MARKETING_VERSION = 1.0;
				PRODUCT_BUNDLE_IDENTIFIER = com.yasir.Swifly;
				PRODUCT_NAME = "$(TARGET_NAME)";
				SUPPORTED_PLATFORMS = "iphoneos iphonesimulator";
				SUPPORTS_MACCATALYST = NO;
				SUPPORTS_MAC_DESIGNED_FOR_IPHONE_IPAD = NO;
				SUPPORTS_XR_DESIGNED_FOR_IPHONE_IPAD = NO;
				SWIFT_EMIT_LOC_STRINGS = YES;
				SWIFT_VERSION = 5.0;
				TARGETED_DEVICE_FAMILY = 1;
			};
			name = Release;
		};
		607FA5A92D19B5DD005406BE /* Debug */ = {
			isa = XCBuildConfiguration;
			buildSettings = {
				BUILD_LIBRARY_FOR_DISTRIBUTION = YES;
				CLANG_ENABLE_MODULES = YES;
				CODE_SIGN_STYLE = Automatic;
				CURRENT_PROJECT_VERSION = 1;
				DEFINES_MODULE = YES;
				DEVELOPMENT_TEAM = 2PZA59W334;
				DYLIB_COMPATIBILITY_VERSION = 1;
				DYLIB_CURRENT_VERSION = 1;
				DYLIB_INSTALL_NAME_BASE = "@rpath";
				ENABLE_MODULE_VERIFIER = YES;
				GENERATE_INFOPLIST_FILE = YES;
				INFOPLIST_KEY_NSHumanReadableCopyright = "";
				INSTALL_PATH = "$(LOCAL_LIBRARY_DIR)/Frameworks";
				IPHONEOS_DEPLOYMENT_TARGET = 16.6;
				LD_RUNPATH_SEARCH_PATHS = (
					"$(inherited)",
					"@executable_path/Frameworks",
					"@loader_path/Frameworks",
				);
				MARKETING_VERSION = 1.0;
				MODULE_VERIFIER_SUPPORTED_LANGUAGES = "objective-c objective-c++";
				MODULE_VERIFIER_SUPPORTED_LANGUAGE_STANDARDS = "gnu17 gnu++20";
				PRODUCT_BUNDLE_IDENTIFIER = "com.yasir.at-myawesomehub";
				PRODUCT_NAME = "$(TARGET_NAME:c99extidentifier)";
				SKIP_INSTALL = YES;
				SUPPORTED_PLATFORMS = "iphoneos iphonesimulator";
				SUPPORTS_MACCATALYST = NO;
				SUPPORTS_MAC_DESIGNED_FOR_IPHONE_IPAD = NO;
				SUPPORTS_XR_DESIGNED_FOR_IPHONE_IPAD = NO;
				SWIFT_EMIT_LOC_STRINGS = YES;
				SWIFT_INSTALL_OBJC_HEADER = NO;
				SWIFT_OPTIMIZATION_LEVEL = "-Onone";
				SWIFT_VERSION = 5.0;
				TARGETED_DEVICE_FAMILY = 1;
				VERSIONING_SYSTEM = "apple-generic";
				VERSION_INFO_PREFIX = "";
			};
			name = Debug;
		};
		607FA5AA2D19B5DD005406BE /* Release */ = {
			isa = XCBuildConfiguration;
			buildSettings = {
				BUILD_LIBRARY_FOR_DISTRIBUTION = YES;
				CLANG_ENABLE_MODULES = YES;
				CODE_SIGN_STYLE = Automatic;
				CURRENT_PROJECT_VERSION = 1;
				DEFINES_MODULE = YES;
				DEVELOPMENT_TEAM = 2PZA59W334;
				DYLIB_COMPATIBILITY_VERSION = 1;
				DYLIB_CURRENT_VERSION = 1;
				DYLIB_INSTALL_NAME_BASE = "@rpath";
				ENABLE_MODULE_VERIFIER = YES;
				GENERATE_INFOPLIST_FILE = YES;
				INFOPLIST_KEY_NSHumanReadableCopyright = "";
				INSTALL_PATH = "$(LOCAL_LIBRARY_DIR)/Frameworks";
				IPHONEOS_DEPLOYMENT_TARGET = 16.6;
				LD_RUNPATH_SEARCH_PATHS = (
					"$(inherited)",
					"@executable_path/Frameworks",
					"@loader_path/Frameworks",
				);
				MARKETING_VERSION = 1.0;
				MODULE_VERIFIER_SUPPORTED_LANGUAGES = "objective-c objective-c++";
				MODULE_VERIFIER_SUPPORTED_LANGUAGE_STANDARDS = "gnu17 gnu++20";
				PRODUCT_BUNDLE_IDENTIFIER = "com.yasir.at-myawesomehub";
				PRODUCT_NAME = "$(TARGET_NAME:c99extidentifier)";
				SKIP_INSTALL = YES;
				SUPPORTED_PLATFORMS = "iphoneos iphonesimulator";
				SUPPORTS_MACCATALYST = NO;
				SUPPORTS_MAC_DESIGNED_FOR_IPHONE_IPAD = NO;
				SUPPORTS_XR_DESIGNED_FOR_IPHONE_IPAD = NO;
				SWIFT_EMIT_LOC_STRINGS = YES;
				SWIFT_INSTALL_OBJC_HEADER = NO;
				SWIFT_VERSION = 5.0;
				TARGETED_DEVICE_FAMILY = 1;
				VERSIONING_SYSTEM = "apple-generic";
				VERSION_INFO_PREFIX = "";
			};
			name = Release;
		};
/* End XCBuildConfiguration section */

/* Begin XCConfigurationList section */
		605C62252D196E3C009A8F4A /* Build configuration list for PBXProject "Swifly" */ = {
			isa = XCConfigurationList;
			buildConfigurations = (
				605C62362D196E3F009A8F4A /* Debug */,
				605C62372D196E3F009A8F4A /* Release */,
			);
			defaultConfigurationIsVisible = 0;
			defaultConfigurationName = Release;
		};
		605C62382D196E3F009A8F4A /* Build configuration list for PBXNativeTarget "Swifly" */ = {
			isa = XCConfigurationList;
			buildConfigurations = (
				605C62392D196E3F009A8F4A /* Debug */,
				605C623A2D196E3F009A8F4A /* Release */,
			);
			defaultConfigurationIsVisible = 0;
			defaultConfigurationName = Release;
		};
		607FA5A82D19B5DD005406BE /* Build configuration list for PBXNativeTarget "at/myawesomehub" */ = {
			isa = XCConfigurationList;
			buildConfigurations = (
				607FA5A92D19B5DD005406BE /* Debug */,
				607FA5AA2D19B5DD005406BE /* Release */,
			);
			defaultConfigurationIsVisible = 0;
			defaultConfigurationName = Release;
		};
/* End XCConfigurationList section */
	};
	rootObject = 605C62222D196E3C009A8F4A /* Project object */;
}
